
Microsoft Visual Studio Solution File, Format Version 12.00
# Visual Studio Version 16
VisualStudioVersion = 16.0.28729.10
MinimumVisualStudioVersion = 10.0.40219.1
Project("{FAE04EC0-301F-11D3-BF4B-00C04F79EFBC}") = "ExchangeAndMony", "ExchangeAndMony\ExchangeAndMony.csproj", "{6F2D0791-B006-4F48-B4C0-ACACB1C017EB}"
EndProject
Global
	GlobalSection(SolutionConfigurationPlatforms) = preSolution
		Debug|Any CPU = Debug|Any CPU
		Release|Any CPU = Release|Any CPU
	EndGlobalSection
	GlobalSection(ProjectConfigurationPlatforms) = postSolution
		{6F2D0791-B006-4F48-B4C0-ACACB1C017EB}.Debug|Any CPU.ActiveCfg = Debug|Any CPU
		{6F2D0791-B006-4F48-B4C0-ACACB1C017EB}.Debug|Any CPU.Build.0 = Debug|Any CPU
		{6F2D0791-B006-4F48-B4C0-ACACB1C017EB}.Release|Any CPU.ActiveCfg = Release|Any CPU
		{6F2D0791-B006-4F48-B4C0-ACACB1C017EB}.Release|Any CPU.Build.0 = Release|Any CPU
	EndGlobalSection
	GlobalSection(SolutionProperties) = preSolution
		HideSolutionNode = FALSE
	EndGlobalSection
	GlobalSection(ExtensibilityGlobals) = postSolution
		SolutionGuid = {9E2031A9-CDC1-42CD-BCB3-F013CBAC7ABF}
	EndGlobalSection
EndGlobal
